
Microsoft Visual Studio Solution File, Format Version 12.00
# Visual Studio Version 16
VisualStudioVersion = 16.0.29503.13
MinimumVisualStudioVersion = 10.0.40219.1
Project("{9A19103F-16F7-4668-BE54-9A1E7A4F7556}") = "Sender", "Sender\Sender.csproj", "{FC0ECBDF-5E1D-4111-AC78-E5154D62F6FE}"
EndProject
Project("{9A19103F-16F7-4668-BE54-9A1E7A4F7556}") = "Receiver", "Receiver\Receiver.csproj", "{85B89F81-CD1B-4199-B887-B22ED6F08BC8}"
EndProject
Project("{9A19103F-16F7-4668-BE54-9A1E7A4F7556}") = "NewTask", "NewTask\NewTask.csproj", "{2D013A80-FBCB-49E1-B804-E9DE201977A4}"
EndProject
Project("{9A19103F-16F7-4668-BE54-9A1E7A4F7556}") = "Worker", "Worker\Worker.csproj", "{87F4D7CA-BC21-4331-A2E1-A2245722B017}"
EndProject
Project("{9A19103F-16F7-4668-BE54-9A1E7A4F7556}") = "EmitLogger", "EmitLogger\EmitLogger.csproj", "{C6DAFEC5-D1A3-4C7F-BF65-D2E54E30F821}"
EndProject
Project("{9A19103F-16F7-4668-BE54-9A1E7A4F7556}") = "ReceiveLogger", "ReceiveLogger\ReceiveLogger.csproj", "{E5E9BBF7-D7D7-43F4-AB13-0AF1267AC136}"
EndProject
Project("{FAE04EC0-301F-11D3-BF4B-00C04F79EFBC}") = "EmitLogDirect", "EmitLogDirect\EmitLogDirect.csproj", "{67DC0E68-6D45-4E2A-9BAF-3689FAFA003A}"
EndProject
Project("{FAE04EC0-301F-11D3-BF4B-00C04F79EFBC}") = "ReceiveLogDirect", "ReceiveLogDirect\ReceiveLogDirect.csproj", "{AD1899DB-C6FD-4B8C-A104-B9302E659003}"
EndProject
Global
	GlobalSection(SolutionConfigurationPlatforms) = preSolution
		Debug|Any CPU = Debug|Any CPU
		Release|Any CPU = Release|Any CPU
	EndGlobalSection
	GlobalSection(ProjectConfigurationPlatforms) = postSolution
		{FC0ECBDF-5E1D-4111-AC78-E5154D62F6FE}.Debug|Any CPU.ActiveCfg = Debug|Any CPU
		{FC0ECBDF-5E1D-4111-AC78-E5154D62F6FE}.Debug|Any CPU.Build.0 = Debug|Any CPU
		{FC0ECBDF-5E1D-4111-AC78-E5154D62F6FE}.Release|Any CPU.ActiveCfg = Release|Any CPU
		{FC0ECBDF-5E1D-4111-AC78-E5154D62F6FE}.Release|Any CPU.Build.0 = Release|Any CPU
		{85B89F81-CD1B-4199-B887-B22ED6F08BC8}.Debug|Any CPU.ActiveCfg = Debug|Any CPU
		{85B89F81-CD1B-4199-B887-B22ED6F08BC8}.Debug|Any CPU.Build.0 = Debug|Any CPU
		{85B89F81-CD1B-4199-B887-B22ED6F08BC8}.Release|Any CPU.ActiveCfg = Release|Any CPU
		{85B89F81-CD1B-4199-B887-B22ED6F08BC8}.Release|Any CPU.Build.0 = Release|Any CPU
		{2D013A80-FBCB-49E1-B804-E9DE201977A4}.Debug|Any CPU.ActiveCfg = Debug|Any CPU
		{2D013A80-FBCB-49E1-B804-E9DE201977A4}.Debug|Any CPU.Build.0 = Debug|Any CPU
		{2D013A80-FBCB-49E1-B804-E9DE201977A4}.Release|Any CPU.ActiveCfg = Release|Any CPU
		{2D013A80-FBCB-49E1-B804-E9DE201977A4}.Release|Any CPU.Build.0 = Release|Any CPU
		{87F4D7CA-BC21-4331-A2E1-A2245722B017}.Debug|Any CPU.ActiveCfg = Debug|Any CPU
		{87F4D7CA-BC21-4331-A2E1-A2245722B017}.Debug|Any CPU.Build.0 = Debug|Any CPU
		{87F4D7CA-BC21-4331-A2E1-A2245722B017}.Release|Any CPU.ActiveCfg = Release|Any CPU
		{87F4D7CA-BC21-4331-A2E1-A2245722B017}.Release|Any CPU.Build.0 = Release|Any CPU
		{C6DAFEC5-D1A3-4C7F-BF65-D2E54E30F821}.Debug|Any CPU.ActiveCfg = Debug|Any CPU
		{C6DAFEC5-D1A3-4C7F-BF65-D2E54E30F821}.Debug|Any CPU.Build.0 = Debug|Any CPU
		{C6DAFEC5-D1A3-4C7F-BF65-D2E54E30F821}.Release|Any CPU.ActiveCfg = Release|Any CPU
		{C6DAFEC5-D1A3-4C7F-BF65-D2E54E30F821}.Release|Any CPU.Build.0 = Release|Any CPU
		{E5E9BBF7-D7D7-43F4-AB13-0AF1267AC136}.Debug|Any CPU.ActiveCfg = Debug|Any CPU
		{E5E9BBF7-D7D7-43F4-AB13-0AF1267AC136}.Debug|Any CPU.Build.0 = Debug|Any CPU
		{E5E9BBF7-D7D7-43F4-AB13-0AF1267AC136}.Release|Any CPU.ActiveCfg = Release|Any CPU
		{E5E9BBF7-D7D7-43F4-AB13-0AF1267AC136}.Release|Any CPU.Build.0 = Release|Any CPU
		{67DC0E68-6D45-4E2A-9BAF-3689FAFA003A}.Debug|Any CPU.ActiveCfg = Debug|Any CPU
		{67DC0E68-6D45-4E2A-9BAF-3689FAFA003A}.Debug|Any CPU.Build.0 = Debug|Any CPU
		{67DC0E68-6D45-4E2A-9BAF-3689FAFA003A}.Release|Any CPU.ActiveCfg = Release|Any CPU
		{67DC0E68-6D45-4E2A-9BAF-3689FAFA003A}.Release|Any CPU.Build.0 = Release|Any CPU
		{AD1899DB-C6FD-4B8C-A104-B9302E659003}.Debug|Any CPU.ActiveCfg = Debug|Any CPU
		{AD1899DB-C6FD-4B8C-A104-B9302E659003}.Debug|Any CPU.Build.0 = Debug|Any CPU
		{AD1899DB-C6FD-4B8C-A104-B9302E659003}.Release|Any CPU.ActiveCfg = Release|Any CPU
		{AD1899DB-C6FD-4B8C-A104-B9302E659003}.Release|Any CPU.Build.0 = Release|Any CPU
	EndGlobalSection
	GlobalSection(SolutionProperties) = preSolution
		HideSolutionNode = FALSE
	EndGlobalSection
	GlobalSection(ExtensibilityGlobals) = postSolution
		SolutionGuid = {9251A101-A1C1-462B-B247-864251DA6929}
	EndGlobalSection
EndGlobal
